github.com/bnema/purego v0.13.0-bnema.1 h1:fKRdztnvTmRqAjANMoN+utEIH73dvPqVPJh2iZCCAO8=
github.com/bnema/purego v0.13.0-bnema.1/go.mod h1:xS1iX3noypxnbOUEUAqOvkfnUzgHuu19VtL4+dfUMJM=
github.com/bnema/purego-vulkan v0.5.1-0.20260928084713-7e6b00ce8c4c h1:oAgSnquCkrA8snhUKjs4NAKd/paeQ+Xd1QXFSY83wpk=
github.com/bnema/purego-vulkan v0.5.1-0.20260928084713-7e6b00ce8c4c/go.mod h1:7kFoR1p01JbknuZlfA20oeImryBe8Fx+Zd9hm2uSUM4=
github.com/bnema/purego-xkbcommon v0.0.0-20260928071113-e79265dfcdc2 h1:XePqfzZzlT1WEQ8G9atwlXjW5jFZAkEoUGnlYvsHAHg=
github.com/bnema/purego-xkbcommon v0.0.0-20260928071113-e79265dfcdc2/go.mod h1:GE8JGmR/rqdklz96tFaFU7M5kI7jN1ma5mh+rz+XXrg=
github.com/bnema/wlturbo v0.2.1-0.20260929151656-a2cb70a5513a h1:TfZt6MXoRyR5U4JW8GZeJNjtESPhz72Hfyxe2uQpYRE=
github.com/bnema/wlturbo v0.2.1-0.20260929151656-a2cb70a5513a/go.mod h1:4i1k1wyw7FDWOkh2hg1ZwPfrPRn3+E6WrYg9Qrt74CA=
github.com/go-text/typesetting v0.3.4 h1:YYurUOtEb9kGSOz4uE3k4OpBGsp1dDL8+fjCeaFamAU=
github.com/go-text/typesetting v0.3.4/go.mod h1:4qZCQphq4KSgGTAeI0uMEkVbROgfah8BuyF5LRYr7XY=
github.com/go-text/typesetting-utils v0.0.0-20260223113751-2d88ac90dae3 h1:drBZzMgdYPbmyXqOto4YhhJGrFIQCX94FpR4MzTCsos=
github.com/go-text/typesetting-utils v0.0.0-20260223113751-2d88ac90dae3/go.mod h1:3/62I4La/HBRX9TcTpBj4eipLiwzf+vhI+7whTc9V7o=
golang.org/x/image v0.46.0 h1:b1+oYj0Jbp6K5MDT4i4/eZpYlk3V8SJhhDKh6LBHAyQ=
golang.org/x/image v0.46.0/go.mod h1:3B3W05VGVQyuXucLINLjXKrqISASfi4Xj+iCVkLMwew=
golang.org/x/sys v0.48.0 h1:bbX/i/6MgT9BVLM9RT1thmxL04yeTAhbEz4SyadbXoo=
golang.org/x/sys v0.48.0/go.mod h1:hNLxWAXmnKAxqDtdwIYC4bM9oQPEecfsnNMuSxOs3og=
golang.org/x/text v0.42.0 h1:JbOZXgfeCPU9gacVtYliJqOhD+zhrEqK4LfdpmlUZqI=
golang.org/x/text v0.42.0/go.mod h1:ojzP1Z+2QtioaF8DTtO8K5q7JWVVYwZKenzujK0Zd0E=
